
Microsoft Visual Studio Solution File, Format Version 11.00
# Visual Studio 2010
Project("{FAE04EC0-301F-11D3-BF4B-00C04F79EFBC}") = "viajero.pascual", "viajero.pascual\viajero.pascual.csproj", "{74CE814A-1B40-40BC-B792-2F4175DE38AE}"
EndProject
Global
	GlobalSection(SolutionConfigurationPlatforms) = preSolution
		Debug|Any CPU = Debug|Any CPU
		Release|Any CPU = Release|Any CPU
	EndGlobalSection
	GlobalSection(ProjectConfigurationPlatforms) = postSolution
		{74CE814A-1B40-40BC-B792-2F4175DE38AE}.Debug|Any CPU.ActiveCfg = Debug|Any CPU
		{74CE814A-1B40-40BC-B792-2F4175DE38AE}.Debug|Any CPU.Build.0 = Debug|Any CPU
		{74CE814A-1B40-40BC-B792-2F4175DE38AE}.Debug|Any CPU.Deploy.0 = Debug|Any CPU
		{74CE814A-1B40-40BC-B792-2F4175DE38AE}.Release|Any CPU.ActiveCfg = Release|Any CPU
		{74CE814A-1B40-40BC-B792-2F4175DE38AE}.Release|Any CPU.Build.0 = Release|Any CPU
		{74CE814A-1B40-40BC-B792-2F4175DE38AE}.Release|Any CPU.Deploy.0 = Release|Any CPU
	EndGlobalSection
	GlobalSection(SolutionProperties) = preSolution
		HideSolutionNode = FALSE
	EndGlobalSection
EndGlobal
